{
  "name": "egret-resource-manager",
  "version": "5.0.0-2",
  "lockfileVersion": 1,
  "dependencies": {
    "@types/bluebird": {
      "version": "http://registry.npmjs.org/@types/bluebird/-/bluebird-3.5.0.tgz",
      "integrity": "sha1-JjNHCk6r6aR82aRf2yDtX5NAe8o=",
      "dev": true
    },
    "@types/fs-extra": {
      "version": "http://registry.npmjs.org/@types/fs-extra/-/fs-extra-2.0.0.tgz",
      "integrity": "sha1-HjBdQSxOnhflVT9Z8UPkpJxVc6Q=",
      "dev": true
    },
    "@types/fs-extra-promise": {
      "version": "http://registry.npmjs.org/@types/fs-extra-promise/-/fs-extra-promise-0.0.31.tgz",
      "integrity": "sha1-Ncc1zAYd+d2/cAnBa5D4cUiChaM=",
      "dev": true
    },
    "@types/glob": {
      "version": "http://registry.npm.taobao.org/@types/glob/download/@types/glob-5.0.30.tgz",
      "integrity": "sha1-ECZAnFYlqGiQdGAoCNCCsoZ7ilE=",
      "dev": true
    },
    "@types/glob-stream": {
      "version": "http://registry.npm.taobao.org/@types/glob-stream/download/@types/glob-stream-3.1.30.tgz",
      "integrity": "sha1-uFOZC0Ckz+aoDsDS+t9o2AYPeLE=",
      "dev": true
    },
    "@types/htmlparser2": {
      "version": "http://registry.npm.taobao.org/@types/htmlparser2/download/@types/htmlparser2-3.7.29.tgz",
      "integrity": "sha1-0q4smHTsiCngPwC6pGNbQinOjPE=",
      "dev": true
    },
    "@types/minimatch": {
      "version": "http://registry.npm.taobao.org/@types/minimatch/download/@types/minimatch-2.0.29.tgz",
      "integrity": "sha1-UALhT3Xi1x5WQoHfBDHIwbSio2o=",
      "dev": true
    },
    "@types/node": {
      "version": "http://registry.npmjs.org/@types/node/-/node-7.0.33.tgz",
      "integrity": "sha1-rjxTrQHX6dYsfxqFxfdQDVm50ls=",
      "dev": true
    },
    "@types/vinyl": {
      "version": "http://registry.npm.taobao.org/@types/vinyl/download/@types/vinyl-2.0.0.tgz",
      "integrity": "sha1-/SE79/QTbd4h/hiVUAsSwYb4wmg=",
      "dev": true
    },
    "@types/vinyl-fs": {
      "version": "http://registry.npm.taobao.org/@types/vinyl-fs/download/@types/vinyl-fs-2.4.5.tgz",
      "integrity": "sha1-c7ISuxg49f/xQ0Hj436VbwVgABs=",
      "dev": true
    },
    "@types/watch": {
      "version": "http://registry.npm.taobao.org/@types/watch/download/@types/watch-0.0.28.tgz",
      "integrity": "sha1-m++ivih1r3BxCXaxpqcQvRPkzIU=",
      "dev": true
    },
    "arr-diff": {
      "version": "http://registry.npm.taobao.org/arr-diff/download/arr-diff-2.0.0.tgz",
      "integrity": "sha1-jzuCf5Vai9ZpaX5KQlasPOrjVs8="
    },
    "arr-flatten": {
      "version": "http://registry.npm.taobao.org/arr-flatten/download/arr-flatten-1.0.3.tgz",
      "integrity": "sha1-onTthawIhJtr14R8RYB0XcUa37E="
    },
    "array-unique": {
      "version": "http://registry.npm.taobao.org/array-unique/download/array-unique-0.2.1.tgz",
      "integrity": "sha1-odl8yvy8JiXMcPrc6zalDFiwGlM="
    },
    "balanced-match": {
      "version": "https://registry.npmjs.org/balanced-match/-/balanced-match-1.0.0.tgz",
      "integrity": "sha1-ibTRmasr7kneFk6gK4nORi1xt2c="
    },
    "bluebird": {
      "version": "http://registry.npm.taobao.org/bluebird/download/bluebird-3.5.0.tgz",
      "integrity": "sha1-eRQg1/VR7qKJdFOop3ZT+WYG1nw="
    },
    "brace-expansion": {
      "version": "https://registry.npmjs.org/brace-expansion/-/brace-expansion-1.1.8.tgz",
      "integrity": "sha1-wHshHHyVLsH479Uad+8NHTmQopI="
    },
    "braces": {
      "version": "http://registry.npm.taobao.org/braces/download/braces-1.8.5.tgz",
      "integrity": "sha1-uneWLhLf+WnWt2cR6RS3N4V79qc="
    },
    "buffer-crc32": {
      "version": "0.2.13",
      "resolved": "https://registry.npmjs.org/buffer-crc32/-/buffer-crc32-0.2.13.tgz",
      "integrity": "sha1-DTM+PwDqxQqhRUq9MO+MKl2ackI="
    },
    "clone": {
      "version": "http://registry.npm.taobao.org/clone/download/clone-1.0.2.tgz",
      "integrity": "sha1-Jgt6meux7f4kdTgXX3gyQ8sZ0Uk="
    },
    "clone-buffer": {
      "version": "http://registry.npm.taobao.org/clone-buffer/download/clone-buffer-1.0.0.tgz",
      "integrity": "sha1-4+JbIHrE5wGvch4staFnksrD3Fg="
    },
    "clone-stats": {
      "version": "http://registry.npm.taobao.org/clone-stats/download/clone-stats-1.0.0.tgz",
      "integrity": "sha1-s3gt/4u1R04Yuba/D9/ngvh3doA="
    },
    "cloneable-readable": {
      "version": "http://registry.npm.taobao.org/cloneable-readable/download/cloneable-readable-1.0.0.tgz",
      "integrity": "sha1-pikNQT8hemEjL5XkWP84QYz7ARc="
    },
    "concat-map": {
      "version": "https://registry.npmjs.org/concat-map/-/concat-map-0.0.1.tgz",
      "integrity": "sha1-2Klr13/Wjfd5OnMDajug1UBdR3s="
    },
    "convert-source-map": {
      "version": "http://registry.npm.taobao.org/convert-source-map/download/convert-source-map-1.5.0.tgz",
      "integrity": "sha1-ms1whRxtXf3ZPZKC5e35SgP/RrU="
    },
    "core-util-is": {
      "version": "https://registry.npmjs.org/core-util-is/-/core-util-is-1.0.2.tgz",
      "integrity": "sha1-tf1UIgqivFq1eqtxQMlAdUUDwac="
    },
    "crc32": {
      "version": "https://registry.npmjs.org/crc32/-/crc32-0.2.2.tgz",
      "integrity": "sha1-etIg1v/c0Rn5/BJ6d3LKzqOQpLo="
    },
    "dom-serializer": {
      "version": "http://registry.npm.taobao.org/dom-serializer/download/dom-serializer-0.1.0.tgz",
      "integrity": "sha1-BzxpdUbOB4DOI75KKOKT5AvDDII=",
      "dependencies": {
        "domelementtype": {
          "version": "http://registry.npm.taobao.org/domelementtype/download/domelementtype-1.1.3.tgz",
          "integrity": "sha1-vSh3PiZCiBrsUVRJJCmcXNgiGFs="
        }
      }
    },
    "domelementtype": {
      "version": "http://registry.npm.taobao.org/domelementtype/download/domelementtype-1.3.0.tgz",
      "integrity": "sha1-sXrtguirWeUt2cGbF1bg/BhyBMI="
    },
    "domhandler": {
      "version": "http://registry.npm.taobao.org/domhandler/download/domhandler-2.4.1.tgz",
      "integrity": "sha1-iS5HAAqZvlW783dP/qBWHYh5wlk="
    },
    "domutils": {
      "version": "http://registry.npm.taobao.org/domutils/download/domutils-1.6.2.tgz",
      "integrity": "sha1-GVjMC0yUJuntNn+xyOhUiRsPo/8="
    },
    "duplexify": {
      "version": "http://registry.npm.taobao.org/duplexify/download/duplexify-3.5.0.tgz",
      "integrity": "sha1-GqdzAC4VeEV+nZ1KULDMquvL1gQ="
    },
    "egret-node-utils": {
      "version": "https://registry.npmjs.org/egret-node-utils/-/egret-node-utils-0.0.7.tgz",
      "integrity": "sha1-lCyZFmH0P4Xc7pSukHq0NakYq9s="
    },
    "egret-typescript-ast": {
      "version": "https://registry.npmjs.org/egret-typescript-ast/-/egret-typescript-ast-0.0.11.tgz",
      "integrity": "sha1-yLuawcLE6j85yuVPWu5ozN0ivHI=",
      "dependencies": {
        "egret-node-utils": {
          "version": "http://registry.npm.taobao.org/egret-node-utils/download/egret-node-utils-0.0.2.tgz",
          "integrity": "sha1-/Q7w+tedIcc7JhyJV4q5Fn9kVDQ="
        },
        "typescript": {
          "version": "http://registry.npm.taobao.org/typescript/download/typescript-1.8.10.tgz",
          "integrity": "sha1-tHXW4N/wv1DyluXKbvn7tccyDx4="
        }
      }
    },
    "end-of-stream": {
      "version": "http://registry.npm.taobao.org/end-of-stream/download/end-of-stream-1.0.0.tgz",
      "integrity": "sha1-1FlucCc0qT5A6a+GQxnqvZn/Lw4=",
      "dependencies": {
        "once": {
          "version": "http://registry.npm.taobao.org/once/download/once-1.3.3.tgz",
          "integrity": "sha1-suJhVXzkwxTsgwTz+oJmPkKXyiA="
        }
      }
    },
    "entities": {
      "version": "http://registry.npm.taobao.org/entities/download/entities-1.1.1.tgz",
      "integrity": "sha1-blwtClYhtdra7O+AuQ7ftc13cvA="
    },
    "exec-sh": {
      "version": "http://registry.npm.taobao.org/exec-sh/download/exec-sh-0.2.0.tgz",
      "integrity": "sha1-FPdd4/INKG75MwmbLOUKkDWc7xA="
    },
    "expand-brackets": {
      "version": "http://registry.npm.taobao.org/expand-brackets/download/expand-brackets-0.1.5.tgz",
      "integrity": "sha1-3wcoTjQqgHzXM6xa9yQR5YHRF3s="
    },
    "expand-range": {
      "version": "http://registry.npm.taobao.org/expand-range/download/expand-range-1.8.2.tgz",
      "integrity": "sha1-opnv/TNf4nIeuujiV+x5ZE/IUzc="
    },
    "extend": {
      "version": "https://registry.npmjs.org/extend/-/extend-3.0.1.tgz",
      "integrity": "sha1-p1Xqe8Gt/MWjHOfnYtuq3F5jZEQ="
    },
    "extend-shallow": {
      "version": "http://registry.npm.taobao.org/extend-shallow/download/extend-shallow-2.0.1.tgz",
      "integrity": "sha1-Ua99YUrZqfYQ6huvu5idaxxWiQ8="
    },
    "extglob": {
      "version": "http://registry.npm.taobao.org/extglob/download/extglob-0.3.2.tgz",
      "integrity": "sha1-Lhj/PS9JqydlzskCPwEdqo2DSaE=",
      "dependencies": {
        "is-extglob": {
          "version": "http://registry.npm.taobao.org/is-extglob/download/is-extglob-1.0.0.tgz",
          "integrity": "sha1-rEaBd8SUNAWgkvyPKXYMb/xiBsA="
        }
      }
    },
    "filename-regex": {
      "version": "http://registry.npm.taobao.org/filename-regex/download/filename-regex-2.0.1.tgz",
      "integrity": "sha1-wcS5vuPglyXdsQa3XB4wH+LxiyY="
    },
    "fill-range": {
      "version": "http://registry.npm.taobao.org/fill-range/download/fill-range-2.2.3.tgz",
      "integrity": "sha1-ULd9/X5Gm8dJJHCWNpn+eoSFpyM="
    },
    "first-chunk-stream": {
      "version": "http://registry.npm.taobao.org/first-chunk-stream/download/first-chunk-stream-1.0.0.tgz",
      "integrity": "sha1-Wb+1DNkF9g18OUzT2ayqtOatk04="
    },
    "for-in": {
      "version": "http://registry.npm.taobao.org/for-in/download/for-in-1.0.2.tgz",
      "integrity": "sha1-gQaNKVqBQuwKxybG4iAMMPttXoA="
    },
    "for-own": {
      "version": "http://registry.npm.taobao.org/for-own/download/for-own-0.1.5.tgz",
      "integrity": "sha1-UmXGgaTylNq78XyVCbZ2OqhFEM4="
    },
    "fs-extra": {
      "version": "http://registry.npm.taobao.org/fs-extra/download/fs-extra-0.30.0.tgz",
      "integrity": "sha1-8jP/zAjU2n1DLapEl3aYnbHfk/A="
    },
    "fs-extra-promise": {
      "version": "https://registry.npmjs.org/fs-extra-promise/-/fs-extra-promise-0.4.1.tgz",
      "integrity": "sha1-rCjNLPa6ckjYI13ziHts9u3fNC8="
    },
    "fs.realpath": {
      "version": "https://registry.npmjs.org/fs.realpath/-/fs.realpath-1.0.0.tgz",
      "integrity": "sha1-FQStJSMVjKpA20onh8sBQRmU6k8="
    },
    "get-stream": {
      "version": "3.0.0",
      "resolved": "https://registry.npmjs.org/get-stream/-/get-stream-3.0.0.tgz",
      "integrity": "sha1-jpQ9E1jcN1VQVOy+LtsFqhdO3hQ="
    },
    "glob": {
      "version": "https://registry.npmjs.org/glob/-/glob-7.1.2.tgz",
      "integrity": "sha1-wZyd+aAocC1nhhI4SmVSQExjbRU="
    },
    "glob-base": {
      "version": "http://registry.npm.taobao.org/glob-base/download/glob-base-0.3.0.tgz",
      "integrity": "sha1-27Fk9iIbHAscz4Kuoyi0l98Oo8Q=",
      "dependencies": {
        "glob-parent": {
          "version": "http://registry.npm.taobao.org/glob-parent/download/glob-parent-2.0.0.tgz",
          "integrity": "sha1-gTg9ctsFT8zPUzbaqQLxgvbtuyg="
        },
        "is-extglob": {
          "version": "http://registry.npm.taobao.org/is-extglob/download/is-extglob-1.0.0.tgz",
          "integrity": "sha1-rEaBd8SUNAWgkvyPKXYMb/xiBsA="
        },
        "is-glob": {
          "version": "http://registry.npm.taobao.org/is-glob/download/is-glob-2.0.1.tgz",
          "integrity": "sha1-0Jb5JqPe1WAPP9/ZEZjLCIjC2GM="
        }
      }
    },
    "glob-parent": {
      "version": "http://registry.npm.taobao.org/glob-parent/download/glob-parent-3.1.0.tgz",
      "integrity": "sha1-nmr2KZ2NO9K9QEMIMr0RPfkGxa4="
    },
    "glob-stream": {
      "version": "http://registry.npm.taobao.org/glob-stream/download/glob-stream-5.3.5.tgz",
      "integrity": "sha1-pVZlqajM3EGRWofHAeMtTgFvrSI=",
      "dependencies": {
        "glob": {
          "version": "http://registry.npm.taobao.org/glob/download/glob-5.0.15.tgz",
          "integrity": "sha1-G8k2ueAvSmA/zCIuz3Yz0wuLk7E="
        },
        "isarray": {
          "version": "http://registry.npm.taobao.org/isarray/download/isarray-0.0.1.tgz",
          "integrity": "sha1-ihis/Kmo9Bd+Cav8YDiTmwXR7t8="
        },
        "readable-stream": {
          "version": "http://registry.npm.taobao.org/readable-stream/download/readable-stream-1.0.34.tgz",
          "integrity": "sha1-Elgg40vIQtLyqq+v5MKRbuMsFXw="
        },
        "string_decoder": {
          "version": "http://registry.npm.taobao.org/string_decoder/download/string_decoder-0.10.31.tgz",
          "integrity": "sha1-YuIDvEF2bGwoyfyEMB2rHFMQ+pQ="
        },
        "through2": {
          "version": "http://registry.npm.taobao.org/through2/download/through2-0.6.5.tgz",
          "integrity": "sha1-QaucZ7KdVyCQcUEOHXp6lozTrUg="
        }
      }
    },
    "graceful-fs": {
      "version": "https://registry.npmjs.org/graceful-fs/-/graceful-fs-4.1.11.tgz",
      "integrity": "sha1-Dovf5NHduIVNZOBOp8AOKgJuVlg="
    },
    "gulp-sourcemaps": {
      "version": "http://registry.npm.taobao.org/gulp-sourcemaps/download/gulp-sourcemaps-1.6.0.tgz",
      "integrity": "sha1-uG/zSdgBzrVuHZ59x7vLS33uYAw=",
      "dependencies": {
        "clone-stats": {
          "version": "http://registry.npm.taobao.org/clone-stats/download/clone-stats-0.0.1.tgz",
          "integrity": "sha1-uI+UqCzzi4eR1YBG6kAprYjKmdE="
        },
        "replace-ext": {
          "version": "http://registry.npm.taobao.org/replace-ext/download/replace-ext-0.0.1.tgz",
          "integrity": "sha1-KbvZIHinOfC8zitO5B6DeVNSKSQ="
        },
        "vinyl": {
          "version": "http://registry.npm.taobao.org/vinyl/download/vinyl-1.2.0.tgz",
          "integrity": "sha1-XIgDbPVl5d8FVYv8kR+GVt8hiIQ="
        }
      }
    },
    "htmlparser2": {
      "version": "https://registry.npmjs.org/htmlparser2/-/htmlparser2-3.9.2.tgz",
      "integrity": "sha1-G9+HrMoPP55T+k/M6w9LTLsAszg="
    },
    "iconv-lite": {
      "version": "0.4.18",
      "resolved": "https://registry.npmjs.org/iconv-lite/-/iconv-lite-0.4.18.tgz",
      "integrity": "sha512-sr1ZQph3UwHTR0XftSbK85OvBbxe/abLGzEnPENCQwmHf7sck8Oyu4ob3LgBxWWxRoM+QszeUyl7jbqapu2TqA=="
    },
    "inflight": {
      "version": "https://registry.npmjs.org/inflight/-/inflight-1.0.6.tgz",
      "integrity": "sha1-Sb1jMdfQLQwJvJEKEHW6gWW1bfk="
    },
    "inherits": {
      "version": "https://registry.npmjs.org/inherits/-/inherits-2.0.3.tgz",
      "integrity": "sha1-Yzwsg+PaQqUC9SRmAiSA9CCCYd4="
    },
    "is-buffer": {
      "version": "http://registry.npm.taobao.org/is-buffer/download/is-buffer-1.1.5.tgz",
      "integrity": "sha1-Hzsm72E7IUuIy8ojzGwB2Hlh7sw="
    },
    "is-dotfile": {
      "version": "http://registry.npm.taobao.org/is-dotfile/download/is-dotfile-1.0.3.tgz",
      "integrity": "sha1-pqLzL/0t+wT1yiXs0Pa4PPeYoeE="
    },
    "is-equal-shallow": {
      "version": "http://registry.npm.taobao.org/is-equal-shallow/download/is-equal-shallow-0.1.3.tgz",
      "integrity": "sha1-IjgJj8Ih3gvPpdnqxMRdY4qhxTQ="
    },
    "is-extendable": {
      "version": "http://registry.npm.taobao.org/is-extendable/download/is-extendable-0.1.1.tgz",
      "integrity": "sha1-YrEQ4omkcUGOPsNqYX1HLjAd/Ik="
    },
    "is-extglob": {
      "version": "http://registry.npm.taobao.org/is-extglob/download/is-extglob-2.1.1.tgz",
      "integrity": "sha1-qIwCU1eR8C7TfHahueqXc8gz+MI="
    },
    "is-glob": {
      "version": "http://registry.npm.taobao.org/is-glob/download/is-glob-3.1.0.tgz",
      "integrity": "sha1-e6WuJCF4BKxwcHuWkiVnSGzD6Eo="
    },
    "is-number": {
      "version": "http://registry.npm.taobao.org/is-number/download/is-number-2.1.0.tgz",
      "integrity": "sha1-Afy7s5NGOlSPL0ZszhbezknbkI8="
    },
    "is-posix-bracket": {
      "version": "http://registry.npm.taobao.org/is-posix-bracket/download/is-posix-bracket-0.1.1.tgz",
      "integrity": "sha1-MzTceXdDaOkvAW5vvAqI9c1ua8Q="
    },
    "is-primitive": {
      "version": "http://registry.npm.taobao.org/is-primitive/download/is-primitive-2.0.0.tgz",
      "integrity": "sha1-IHurkWOEmcB7Kt8kCkGochADRXU="
    },
    "is-stream": {
      "version": "http://registry.npm.taobao.org/is-stream/download/is-stream-1.1.0.tgz",
      "integrity": "sha1-EtSj3U5o4Lec6428hBc66A2RykQ="
    },
    "is-utf8": {
      "version": "http://registry.npm.taobao.org/is-utf8/download/is-utf8-0.2.1.tgz",
      "integrity": "sha1-Sw2hRCEE0bM2NA6AeX6GXPOffXI="
    },
    "is-valid-glob": {
      "version": "http://registry.npm.taobao.org/is-valid-glob/download/is-valid-glob-0.3.0.tgz",
      "integrity": "sha1-1LVcafUYhvm2XHDWwmItN+KfSP4="
    },
    "isarray": {
      "version": "https://registry.npmjs.org/isarray/-/isarray-1.0.0.tgz",
      "integrity": "sha1-u5NdSFgsuhaMBoNJV6VKPgcSTxE="
    },
    "isobject": {
      "version": "http://registry.npm.taobao.org/isobject/download/isobject-2.1.0.tgz",
      "integrity": "sha1-8GVWEJaj8dou9GJy+BXIQNh+DIk="
    },
    "json-stable-stringify": {
      "version": "https://registry.npmjs.org/json-stable-stringify/-/json-stable-stringify-1.0.1.tgz",
      "integrity": "sha1-mnWdOcXy/1A/1TAGRu1EX4jE+a8="
    },
    "jsonfile": {
      "version": "https://registry.npmjs.org/jsonfile/-/jsonfile-2.4.0.tgz",
      "integrity": "sha1-NzaitCi4e72gzIO1P6PWM6NcKug="
    },
    "jsonify": {
      "version": "https://registry.npmjs.org/jsonify/-/jsonify-0.0.0.tgz",
      "integrity": "sha1-LHS27kHZPKUbe1qu6PUDYx0lKnM="
    },
    "kind-of": {
      "version": "http://registry.npm.taobao.org/kind-of/download/kind-of-3.2.2.tgz",
      "integrity": "sha1-MeohpzS6ubuw8yRm2JOupR5KPGQ="
    },
    "klaw": {
      "version": "https://registry.npmjs.org/klaw/-/klaw-1.3.1.tgz",
      "integrity": "sha1-QIhDO0azsbolnXh4XY6W9zugJDk="
    },
    "lazystream": {
      "version": "http://registry.npm.taobao.org/lazystream/download/lazystream-1.0.0.tgz",
      "integrity": "sha1-9plf4PggOS9hOWvolGJAe7dxaOQ="
    },
    "lodash.isequal": {
      "version": "http://registry.npm.taobao.org/lodash.isequal/download/lodash.isequal-4.5.0.tgz",
      "integrity": "sha1-QVxEePK8wwEgwizhDtMib30+GOA="
    },
    "map-stream": {
      "version": "https://registry.npmjs.org/map-stream/-/map-stream-0.0.6.tgz",
      "integrity": "sha1-0u9OuBGihkTHqJiZhcacL91JaCc="
    },
    "merge": {
      "version": "http://registry.npm.taobao.org/merge/download/merge-1.2.0.tgz",
      "integrity": "sha1-dTHjnUlJwoGma4xabgJl6LBYlNo="
    },
    "merge-stream": {
      "version": "http://registry.npm.taobao.org/merge-stream/download/merge-stream-1.0.1.tgz",
      "integrity": "sha1-QEEgLVCKNCugAXQAjfDCUbjBNeE="
    },
    "micromatch": {
      "version": "http://registry.npm.taobao.org/micromatch/download/micromatch-2.3.11.tgz",
      "integrity": "sha1-hmd8l9FyCzY0MdBNDRUpO9OMFWU=",
      "dependencies": {
        "is-extglob": {
          "version": "http://registry.npm.taobao.org/is-extglob/download/is-extglob-1.0.0.tgz",
          "integrity": "sha1-rEaBd8SUNAWgkvyPKXYMb/xiBsA="
        },
        "is-glob": {
          "version": "http://registry.npm.taobao.org/is-glob/download/is-glob-2.0.1.tgz",
          "integrity": "sha1-0Jb5JqPe1WAPP9/ZEZjLCIjC2GM="
        }
      }
    },
    "minimatch": {
      "version": "https://registry.npmjs.org/minimatch/-/minimatch-3.0.4.tgz",
      "integrity": "sha1-UWbihkV/AzBgZL5Ul+jbsMPTIIM="
    },
    "minimist": {
      "version": "https://registry.npmjs.org/minimist/-/minimist-0.0.8.tgz",
      "integrity": "sha1-hX/Kv8M5fSYluCKCYuhqp6ARsF0="
    },
    "mkdirp": {
      "version": "https://registry.npmjs.org/mkdirp/-/mkdirp-0.5.1.tgz",
      "integrity": "sha1-MAV0OOrGz3+MR2fzhkjWaX11yQM="
    },
    "normalize-path": {
      "version": "http://registry.npm.taobao.org/normalize-path/download/normalize-path-2.1.1.tgz",
      "integrity": "sha1-GrKLVW4Zg2Oowab35vogE3/mrtk="
    },
    "object-assign": {
      "version": "https://registry.npmjs.org/object-assign/-/object-assign-4.1.1.tgz",
      "integrity": "sha1-IQmtx5ZYh8/AXLvUQsrIv7s2CGM="
    },
    "object.omit": {
      "version": "http://registry.npm.taobao.org/object.omit/download/object.omit-2.0.1.tgz",
      "integrity": "sha1-Gpx0SCnznbuFjHbKNXmuKlTr0fo="
    },
    "once": {
      "version": "https://registry.npmjs.org/once/-/once-1.4.0.tgz",
      "integrity": "sha1-WDsap3WWHUsROsF9nFC6753Xa9E="
    },
    "ordered-read-streams": {
      "version": "http://registry.npm.taobao.org/ordered-read-streams/download/ordered-read-streams-0.3.0.tgz",
      "integrity": "sha1-cTfmmzKYuzQiR6G77jiByA4v14s="
    },
    "parse-glob": {
      "version": "http://registry.npm.taobao.org/parse-glob/download/parse-glob-3.0.4.tgz",
      "integrity": "sha1-ssN2z7EfNVE7rdFz7wu246OIORw=",
      "dependencies": {
        "is-extglob": {
          "version": "http://registry.npm.taobao.org/is-extglob/download/is-extglob-1.0.0.tgz",
          "integrity": "sha1-rEaBd8SUNAWgkvyPKXYMb/xiBsA="
        },
        "is-glob": {
          "version": "http://registry.npm.taobao.org/is-glob/download/is-glob-2.0.1.tgz",
          "integrity": "sha1-0Jb5JqPe1WAPP9/ZEZjLCIjC2GM="
        }
      }
    },
    "path-dirname": {
      "version": "http://registry.npm.taobao.org/path-dirname/download/path-dirname-1.0.2.tgz",
      "integrity": "sha1-zDPSTVJeCZpTiMAzbG4yuRYGCeA="
    },
    "path-is-absolute": {
      "version": "https://registry.npmjs.org/path-is-absolute/-/path-is-absolute-1.0.1.tgz",
      "integrity": "sha1-F0uSaHNVNP+8es5r9TpanhtcX18="
    },
    "preserve": {
      "version": "http://registry.npm.taobao.org/preserve/download/preserve-0.2.0.tgz",
      "integrity": "sha1-gV7R9uvGWSb4ZbMQwHE7yzMVzks="
    },
    "process-nextick-args": {
      "version": "https://registry.npmjs.org/process-nextick-args/-/process-nextick-args-1.0.7.tgz",
      "integrity": "sha1-FQ4gt1ZZCtP5EJPyWk8q2L/zC6M="
    },
    "randomatic": {
      "version": "http://registry.npm.taobao.org/randomatic/download/randomatic-1.1.7.tgz",
      "integrity": "sha1-x6vpzIuHwLqodrGf3oP9RkeX44w=",
      "dependencies": {
        "is-number": {
          "version": "http://registry.npm.taobao.org/is-number/download/is-number-3.0.0.tgz",
          "integrity": "sha1-JP1iAaR4LPUFYcgQJ2r8fRLXEZU=",
          "dependencies": {
            "kind-of": {
              "version": "https://registry.npmjs.org/kind-of/-/kind-of-3.2.2.tgz",
              "integrity": "sha1-MeohpzS6ubuw8yRm2JOupR5KPGQ="
            }
          }
        },
        "kind-of": {
          "version": "http://registry.npm.taobao.org/kind-of/download/kind-of-4.0.0.tgz",
          "integrity": "sha1-IIE989cSkosgc3hpGkUGb65y3Vc="
        }
      }
    },
    "readable-stream": {
      "version": "http://registry.npmjs.org/readable-stream/-/readable-stream-2.3.3.tgz",
      "integrity": "sha1-No8lEtefnUb9/HE0mueHi7weuVw="
    },
    "regex-cache": {
      "version": "http://registry.npm.taobao.org/regex-cache/download/regex-cache-0.4.3.tgz",
      "integrity": "sha1-mxpsNdTQ3871cRrmUejp09cRQUU="
    },
    "remove-trailing-separator": {
      "version": "http://registry.npm.taobao.org/remove-trailing-separator/download/remove-trailing-separator-1.0.2.tgz",
      "integrity": "sha1-abBi2XhyetFNxrVrpKt3L9jXBRE="
    },
    "repeat-element": {
      "version": "http://registry.npm.taobao.org/repeat-element/download/repeat-element-1.1.2.tgz",
      "integrity": "sha1-7wiaF40Ug7quTZPrmLT55OEdmQo="
    },
    "repeat-string": {
      "version": "http://registry.npm.taobao.org/repeat-string/download/repeat-string-1.6.1.tgz",
      "integrity": "sha1-jcrkcOHIirwtYA//Sndihtp15jc="
    },
    "replace-ext": {
      "version": "http://registry.npm.taobao.org/replace-ext/download/replace-ext-1.0.0.tgz",
      "integrity": "sha1-3mMSg3P8v3w8z6TeWkgMRaZ5WOs="
    },
    "rimraf": {
      "version": "https://registry.npmjs.org/rimraf/-/rimraf-2.6.1.tgz",
      "integrity": "sha1-wjOOxkPfeht/5cVPqG9XQopV8z0="
    },
    "safe-buffer": {
      "version": "http://registry.npmjs.org/safe-buffer/-/safe-buffer-5.1.1.tgz",
      "integrity": "sha1-iTMSr2myEj3vcfV4iQAWce6yyFM="
    },
    "stream-shift": {
      "version": "http://registry.npm.taobao.org/stream-shift/download/stream-shift-1.0.0.tgz",
      "integrity": "sha1-1cdSgl5TZ+eG944Y5EXqIjoVWVI="
    },
    "string_decoder": {
      "version": "http://registry.npmjs.org/string_decoder/-/string_decoder-1.0.3.tgz",
      "integrity": "sha1-D8Z9fBQYJd6UKC3VNr7GubzoYKs="
    },
    "strip-bom": {
      "version": "http://registry.npm.taobao.org/strip-bom/download/strip-bom-2.0.0.tgz",
      "integrity": "sha1-YhmoVhZSBJHzV4i9vxRHqZx+aw4="
    },
    "strip-bom-stream": {
      "version": "http://registry.npm.taobao.org/strip-bom-stream/download/strip-bom-stream-1.0.0.tgz",
      "integrity": "sha1-5xRDmFd9Uaa+0PoZlPoF9D/ZiO4="
    },
    "through2": {
      "version": "http://registry.npm.taobao.org/through2/download/through2-2.0.3.tgz",
      "integrity": "sha1-AARWmzfHx0ujnEPzzteNGtlBQL4="
    },
    "through2-filter": {
      "version": "http://registry.npm.taobao.org/through2-filter/download/through2-filter-2.0.0.tgz",
      "integrity": "sha1-YLxVoNrLdghdsfna6Zq0P4PWIuw="
    },
    "to-absolute-glob": {
      "version": "http://registry.npm.taobao.org/to-absolute-glob/download/to-absolute-glob-0.1.1.tgz",
      "integrity": "sha1-HN+kcqnvUMI57maZm2YsoOs5k38="
    },
    "typescript": {
      "version": "http://registry.npm.taobao.org/typescript/download/typescript-2.1.6.tgz",
      "integrity": "sha1-QMfm6eXaeWG3cYtVUF+crJSHpgc="
    },
    "unique-stream": {
      "version": "http://registry.npm.taobao.org/unique-stream/download/unique-stream-2.2.1.tgz",
      "integrity": "sha1-WqADz76Uxf+GbE59ZouxxNuts2k="
    },
    "util-deprecate": {
      "version": "https://registry.npmjs.org/util-deprecate/-/util-deprecate-1.0.2.tgz",
      "integrity": "sha1-RQ1Nyfpw3nMnYvvS1KKJgUGaDM8="
    },
    "vali-date": {
      "version": "http://registry.npm.taobao.org/vali-date/download/vali-date-1.0.0.tgz",
      "integrity": "sha1-G5BKWWCfsyjvB4E4Qgk09rhnCaY="
    },
    "vinyl": {
      "version": "https://registry.npmjs.org/vinyl/-/vinyl-2.0.2.tgz",
      "integrity": "sha1-CjcT2NTpIhxY8QyhbAEWyeJe2nw="
    },
    "vinyl-fs": {
      "version": "https://registry.npmjs.org/vinyl-fs/-/vinyl-fs-2.4.4.tgz",
      "integrity": "sha1-vm/zJwy1Xf19MGNkDegfJddTIjk=",
      "dependencies": {
        "clone-stats": {
          "version": "http://registry.npm.taobao.org/clone-stats/download/clone-stats-0.0.1.tgz",
          "integrity": "sha1-uI+UqCzzi4eR1YBG6kAprYjKmdE="
        },
        "replace-ext": {
          "version": "http://registry.npm.taobao.org/replace-ext/download/replace-ext-0.0.1.tgz",
          "integrity": "sha1-KbvZIHinOfC8zitO5B6DeVNSKSQ="
        },
        "vinyl": {
          "version": "http://registry.npm.taobao.org/vinyl/download/vinyl-1.2.0.tgz",
          "integrity": "sha1-XIgDbPVl5d8FVYv8kR+GVt8hiIQ="
        }
      }
    },
    "watch": {
      "version": "https://registry.npmjs.org/watch/-/watch-1.0.2.tgz",
      "integrity": "sha1-NApxe952Vyb6CqB9ch4BR6VR3ww=",
      "dependencies": {
        "minimist": {
          "version": "https://registry.npmjs.org/minimist/-/minimist-1.2.0.tgz",
          "integrity": "sha1-o1AIsg9BOD7sH7kU9M1d95omQoQ="
        }
      }
    },
    "wrappy": {
      "version": "https://registry.npmjs.org/wrappy/-/wrappy-1.0.2.tgz",
      "integrity": "sha1-tSQ9jz7BqjXxNkYFvA0QNuMKtp8="
    },
    "xtend": {
      "version": "http://registry.npm.taobao.org/xtend/download/xtend-4.0.1.tgz",
      "integrity": "sha1-pcbVMr5lbiPbgg77lDofBJmNY68="
    },
    "yazl": {
      "version": "2.4.2",
      "resolved": "https://registry.npmjs.org/yazl/-/yazl-2.4.2.tgz",
      "integrity": "sha1-FMsZCD4eJacAksFYiqvg9OTdTYg="
    }
  }
}
